
Microsoft Visual Studio Solution File, Format Version 12.00
# Visual Studio Version 16
VisualStudioVersion = 16.0.29418.71
MinimumVisualStudioVersion = 10.0.40219.1
Project("{9A19103F-16F7-4668-BE54-9A1E7A4F7556}") = "motovalle.Ecommerce", "motovalle.Ecommerce.csproj", "{01C5120D-A575-4F7A-B9CA-1CA19DE3FBC6}"
EndProject
Project("{9A19103F-16F7-4668-BE54-9A1E7A4F7556}") = "Ecommerce.DAL", "..\Innova.MotoValle.Ecommerce.DAL\Ecommerce.DAL.csproj", "{EB9109D2-51D6-4235-BE28-B1B3101FB00B}"
EndProject
Project("{FAE04EC0-301F-11D3-BF4B-00C04F79EFBC}") = "Innova.MotoValle.Ecommerce.Models", "..\Innova.MotoValle.Ecommerce.Models\Innova.MotoValle.Ecommerce.Models.csproj", "{AFEF15FA-0DFD-41CE-8002-5B64076269CA}"
EndProject
Global
	GlobalSection(SolutionConfigurationPlatforms) = preSolution
		Debug|Any CPU = Debug|Any CPU
		Release|Any CPU = Release|Any CPU
	EndGlobalSection
	GlobalSection(ProjectConfigurationPlatforms) = postSolution
		{01C5120D-A575-4F7A-B9CA-1CA19DE3FBC6}.Debug|Any CPU.ActiveCfg = Debug|Any CPU
		{01C5120D-A575-4F7A-B9CA-1CA19DE3FBC6}.Debug|Any CPU.Build.0 = Debug|Any CPU
		{01C5120D-A575-4F7A-B9CA-1CA19DE3FBC6}.Release|Any CPU.ActiveCfg = Release|Any CPU
		{01C5120D-A575-4F7A-B9CA-1CA19DE3FBC6}.Release|Any CPU.Build.0 = Release|Any CPU
		{EB9109D2-51D6-4235-BE28-B1B3101FB00B}.Debug|Any CPU.ActiveCfg = Debug|Any CPU
		{EB9109D2-51D6-4235-BE28-B1B3101FB00B}.Debug|Any CPU.Build.0 = Debug|Any CPU
		{EB9109D2-51D6-4235-BE28-B1B3101FB00B}.Release|Any CPU.ActiveCfg = Release|Any CPU
		{EB9109D2-51D6-4235-BE28-B1B3101FB00B}.Release|Any CPU.Build.0 = Release|Any CPU
		{AFEF15FA-0DFD-41CE-8002-5B64076269CA}.Debug|Any CPU.ActiveCfg = Debug|Any CPU
		{AFEF15FA-0DFD-41CE-8002-5B64076269CA}.Debug|Any CPU.Build.0 = Debug|Any CPU
		{AFEF15FA-0DFD-41CE-8002-5B64076269CA}.Release|Any CPU.ActiveCfg = Release|Any CPU
		{AFEF15FA-0DFD-41CE-8002-5B64076269CA}.Release|Any CPU.Build.0 = Release|Any CPU
	EndGlobalSection
	GlobalSection(SolutionProperties) = preSolution
		HideSolutionNode = FALSE
	EndGlobalSection
	GlobalSection(ExtensibilityGlobals) = postSolution
		SolutionGuid = {DD8C3FF2-E862-4C7E-B936-6A772CC4ABC9}
	EndGlobalSection
EndGlobal
