
Microsoft Visual Studio Solution File, Format Version 12.00
# Visual Studio Version 16
VisualStudioVersion = 16.0.29215.179
MinimumVisualStudioVersion = 10.0.40219.1
Project("{9A19103F-16F7-4668-BE54-9A1E7A4F7556}") = "Ecommerce.DAL", "Ecommerce.DAL.csproj", "{7136BBE4-B54C-405D-939C-36FE7D6485ED}"
EndProject
Project("{FAE04EC0-301F-11D3-BF4B-00C04F79EFBC}") = "Ecommerce.DAL.Test", "..\Ecommerce.DAL.Test\Ecommerce.DAL.Test.csproj", "{C5EE3492-9860-482A-9EA6-74C4A8E4D957}"
EndProject
Global
	GlobalSection(SolutionConfigurationPlatforms) = preSolution
		Debug|Any CPU = Debug|Any CPU
		Release|Any CPU = Release|Any CPU
	EndGlobalSection
	GlobalSection(ProjectConfigurationPlatforms) = postSolution
		{7136BBE4-B54C-405D-939C-36FE7D6485ED}.Debug|Any CPU.ActiveCfg = Debug|Any CPU
		{7136BBE4-B54C-405D-939C-36FE7D6485ED}.Debug|Any CPU.Build.0 = Debug|Any CPU
		{7136BBE4-B54C-405D-939C-36FE7D6485ED}.Release|Any CPU.ActiveCfg = Release|Any CPU
		{7136BBE4-B54C-405D-939C-36FE7D6485ED}.Release|Any CPU.Build.0 = Release|Any CPU
		{C5EE3492-9860-482A-9EA6-74C4A8E4D957}.Debug|Any CPU.ActiveCfg = Debug|Any CPU
		{C5EE3492-9860-482A-9EA6-74C4A8E4D957}.Debug|Any CPU.Build.0 = Debug|Any CPU
		{C5EE3492-9860-482A-9EA6-74C4A8E4D957}.Release|Any CPU.ActiveCfg = Release|Any CPU
		{C5EE3492-9860-482A-9EA6-74C4A8E4D957}.Release|Any CPU.Build.0 = Release|Any CPU
	EndGlobalSection
	GlobalSection(SolutionProperties) = preSolution
		HideSolutionNode = FALSE
	EndGlobalSection
	GlobalSection(ExtensibilityGlobals) = postSolution
		SolutionGuid = {92BC3B24-3803-44C1-93AC-D8BE68CCD7AE}
	EndGlobalSection
EndGlobal
